// !$*UTF8*$!
{
	archiveVersion = 1;
	classes = {
	};
	objectVersion = 50;
	objects = {

/* Begin PBXBuildFile section */
		6670E2A4C09FD2950ADE90B7 /* Pods_RxNamer.framework in Frameworks */ = {isa = PBXBuildFile; fileRef = 9D954B15551C2D360EBBE863 /* Pods_RxNamer.framework */; };
		697B23B820C3646D0044A171 /* AppDelegate.swift in Sources */ = {isa = PBXBuildFile; fileRef = 697B23B720C3646D0044A171 /* AppDelegate.swift */; };
		697B23BA20C3646D0044A171 /* ViewController.swift in Sources */ = {isa = PBXBuildFile; fileRef = 697B23B920C3646D0044A171 /* ViewController.swift */; };
		697B23BD20C3646D0044A171 /* Main.storyboard in Resources */ = {isa = PBXBuildFile; fileRef = 697B23BB20C3646D0044A171 /* Main.storyboard */; };
		697B23BF20C3646F0044A171 /* Assets.xcassets in Resources */ = {isa = PBXBuildFile; fileRef = 697B23BE20C3646F0044A171 /* Assets.xcassets */; };
		697B23C220C3646F0044A171 /* LaunchScreen.storyboard in Resources */ = {isa = PBXBuildFile; fileRef = 697B23C020C3646F0044A171 /* LaunchScreen.storyboard */; };
		697B23CA20C373B40044A171 /* AddNameVC.swift in Sources */ = {isa = PBXBuildFile; fileRef = 697B23C920C373B40044A171 /* AddNameVC.swift */; };
/* End PBXBuildFile section */

/* Begin PBXFileReference section */
		0433E34D3EF87DC8BDFFD3CA /* Pods-RxNamer.release.xcconfig */ = {isa = PBXFileReference; includeInIndex = 1; lastKnownFileType = text.xcconfig; name = "Pods-RxNamer.release.xcconfig"; path = "Pods/Target Support Files/Pods-RxNamer/Pods-RxNamer.release.xcconfig"; sourceTree = "<group>"; };
		697B23B420C3646D0044A171 /* RxNamer.app */ = {isa = PBXFileReference; explicitFileType = wrapper.application; includeInIndex = 0; path = RxNamer.app; sourceTree = BUILT_PRODUCTS_DIR; };
		697B23B720C3646D0044A171 /* AppDelegate.swift */ = {isa = PBXFileReference; lastKnownFileType = sourcecode.swift; path = AppDelegate.swift; sourceTree = "<group>"; };
		697B23B920C3646D0044A171 /* ViewController.swift */ = {isa = PBXFileReference; lastKnownFileType = sourcecode.swift; path = ViewController.swift; sourceTree = "<group>"; };
		697B23BC20C3646D0044A171 /* Base */ = {isa = PBXFileReference; lastKnownFileType = file.storyboard; name = Base; path = Base.lproj/Main.storyboard; sourceTree = "<group>"; };
		697B23BE20C3646F0044A171 /* Assets.xcassets */ = {isa = PBXFileReference; lastKnownFileType = folder.assetcatalog; path = Assets.xcassets; sourceTree = "<group>"; };
		697B23C120C3646F0044A171 /* Base */ = {isa = PBXFileReference; lastKnownFileType = file.storyboard; name = Base; path = Base.lproj/LaunchScreen.storyboard; sourceTree = "<group>"; };
		697B23C320C3646F0044A171 /* Info.plist */ = {isa = PBXFileReference; lastKnownFileType = text.plist.xml; path = Info.plist; sourceTree = "<group>"; };
		697B23C920C373B40044A171 /* AddNameVC.swift */ = {isa = PBXFileReference; lastKnownFileType = sourcecode.swift; path = AddNameVC.swift; sourceTree = "<group>"; };
		9D954B15551C2D360EBBE863 /* Pods_RxNamer.framework */ = {isa = PBXFileReference; explicitFileType = wrapper.framework; includeInIndex = 0; path = Pods_RxNamer.framework; sourceTree = BUILT_PRODUCTS_DIR; };
		A8E9BE826E9D566D5A2734EF /* Pods-RxNamer.debug.xcconfig */ = {isa = PBXFileReference; includeInIndex = 1; lastKnownFileType = text.xcconfig; name = "Pods-RxNamer.debug.xcconfig"; path = "Pods/Target Support Files/Pods-RxNamer/Pods-RxNamer.debug.xcconfig"; sourceTree = "<group>"; };
/* End PBXFileReference section */

/* Begin PBXFrameworksBuildPhase section */
		697B23B120C3646D0044A171 /* Frameworks */ = {
			isa = PBXFrameworksBuildPhase;
			buildActionMask = 2147483647;
			files = (
				6670E2A4C09FD2950ADE90B7 /* Pods_RxNamer.framework in Frameworks */,
			);
			runOnlyForDeploymentPostprocessing = 0;
		};
/* End PBXFrameworksBuildPhase section */

/* Begin PBXGroup section */
		697B23AB20C3646D0044A171 = {
			isa = PBXGroup;
			children = (
				697B23B620C3646D0044A171 /* RxNamer */,
				697B23B520C3646D0044A171 /* Products */,
				CCA6F97932964A8EEBBBC985 /* Pods */,
				C4BED61B1F95517990884B47 /* Frameworks */,
			);
			sourceTree = "<group>";
		};
		697B23B520C3646D0044A171 /* Products */ = {
			isa = PBXGroup;
			children = (
				697B23B420C3646D0044A171 /* RxNamer.app */,
			);
			name = Products;
			sourceTree = "<group>";
		};
		697B23B620C3646D0044A171 /* RxNamer */ = {
			isa = PBXGroup;
			children = (
				697B23B720C3646D0044A171 /* AppDelegate.swift */,
				697B23B920C3646D0044A171 /* ViewController.swift */,
				697B23C920C373B40044A171 /* AddNameVC.swift */,
				697B23BB20C3646D0044A171 /* Main.storyboard */,
				697B23BE20C3646F0044A171 /* Assets.xcassets */,
				697B23C020C3646F0044A171 /* LaunchScreen.storyboard */,
				697B23C320C3646F0044A171 /* Info.plist */,
			);
			path = RxNamer;
			sourceTree = "<group>";
		};
		C4BED61B1F95517990884B47 /* Frameworks */ = {
			isa = PBXGroup;
			children = (
				9D954B15551C2D360EBBE863 /* Pods_RxNamer.framework */,
			);
			name = Frameworks;
			sourceTree = "<group>";
		};
		CCA6F97932964A8EEBBBC985 /* Pods */ = {
			isa = PBXGroup;
			children = (
				A8E9BE826E9D566D5A2734EF /* Pods-RxNamer.debug.xcconfig */,
				0433E34D3EF87DC8BDFFD3CA /* Pods-RxNamer.release.xcconfig */,
			);
			name = Pods;
			sourceTree = "<group>";
		};
/* End PBXGroup section */

/* Begin PBXNativeTarget section */
		697B23B320C3646D0044A171 /* RxNamer */ = {
			isa = PBXNativeTarget;
			buildConfigurationList = 697B23C620C3646F0044A171 /* Build configuration list for PBXNativeTarget "RxNamer" */;
			buildPhases = (
				18617E85CE11E90286F863F8 /* [CP] Check Pods Manifest.lock */,
				697B23B020C3646D0044A171 /* Sources */,
				697B23B120C3646D0044A171 /* Frameworks */,
				697B23B220C3646D0044A171 /* Resources */,
				C17BD0FD9F5BCB2576C2EFCB /* [CP] Embed Pods Frameworks */,
			);
			buildRules = (
			);
			dependencies = (
			);
			name = RxNamer;
			productName = RxNamer;
			productReference = 697B23B420C3646D0044A171 /* RxNamer.app */;
			productType = "com.apple.product-type.application";
		};
/* End PBXNativeTarget section */

/* Begin PBXProject section */
		697B23AC20C3646D0044A171 /* Project object */ = {
			isa = PBXProject;
			attributes = {
				LastSwiftUpdateCheck = 0940;
				LastUpgradeCheck = 0940;
				ORGANIZATIONNAME = "Vartan Arzumanyan";
				TargetAttributes = {
					697B23B320C3646D0044A171 = {
						CreatedOnToolsVersion = 9.4;
					};
				};
			};
			buildConfigurationList = 697B23AF20C3646D0044A171 /* Build configuration list for PBXProject "RxNamer" */;
			compatibilityVersion = "Xcode 9.3";
			developmentRegion = en;
			hasScannedForEncodings = 0;
			knownRegions = (
				en,
				Base,
			);
			mainGroup = 697B23AB20C3646D0044A171;
			productRefGroup = 697B23B520C3646D0044A171 /* Products */;
			projectDirPath = "";
			projectRoot = "";
			targets = (
				697B23B320C3646D0044A171 /* RxNamer */,
			);
		};
/* End PBXProject section */

/* Begin PBXResourcesBuildPhase section */
		697B23B220C3646D0044A171 /* Resources */ = {
			isa = PBXResourcesBuildPhase;
			buildActionMask = 2147483647;
			files = (
				697B23C220C3646F0044A171 /* LaunchScreen.storyboard in Resources */,
				697B23BF20C3646F0044A171 /* Assets.xcassets in Resources */,
				697B23BD20C3646D0044A171 /* Main.storyboard in Resources */,
			);
			runOnlyForDeploymentPostprocessing = 0;
		};
/* End PBXResourcesBuildPhase section */

/* Begin PBXShellScriptBuildPhase section */
		18617E85CE11E90286F863F8 /* [CP] Check Pods Manifest.lock */ = {
			isa = PBXShellScriptBuildPhase;
			buildActionMask = 2147483647;
			files = (
			);
			inputPaths = (
				"${PODS_PODFILE_DIR_PATH}/Podfile.lock",
				"${PODS_ROOT}/Manifest.lock",
			);
			name = "[CP] Check Pods Manifest.lock";
			outputPaths = (
				"$(DERIVED_FILE_DIR)/Pods-RxNamer-checkManifestLockResult.txt",
			);
			runOnlyForDeploymentPostprocessing = 0;
			shellPath = /bin/sh;
			shellScript = "diff \"${PODS_PODFILE_DIR_PATH}/Podfile.lock\" \"${PODS_ROOT}/Manifest.lock\" > /dev/null\nif [ $? != 0 ] ; then\n    # print error to STDERR\n    echo \"error: The sandbox is not in sync with the Podfile.lock. Run 'pod install' or update your CocoaPods installation.\" >&2\n    exit 1\nfi\n# This output is used by Xcode 'outputs' to avoid re-running this script phase.\necho \"SUCCESS\" > \"${SCRIPT_OUTPUT_FILE_0}\"\n";
			showEnvVarsInLog = 0;
		};
		C17BD0FD9F5BCB2576C2EFCB /* [CP] Embed Pods Frameworks */ = {
			isa = PBXShellScriptBuildPhase;
			buildActionMask = 2147483647;
			files = (
			);
			inputPaths = (
				"${SRCROOT}/Pods/Target Support Files/Pods-RxNamer/Pods-RxNamer-frameworks.sh",
				"${BUILT_PRODUCTS_DIR}/RxCocoa/RxCocoa.framework",
				"${BUILT_PRODUCTS_DIR}/RxSwift/RxSwift.framework",
			);
			name = "[CP] Embed Pods Frameworks";
			outputPaths = (
				"${TARGET_BUILD_DIR}/${FRAMEWORKS_FOLDER_PATH}/RxCocoa.framework",
				"${TARGET_BUILD_DIR}/${FRAMEWORKS_FOLDER_PATH}/RxSwift.framework",
			);
			runOnlyForDeploymentPostprocessing = 0;
			shellPath = /bin/sh;
			shellScript = "\"${SRCROOT}/Pods/Target Support Files/Pods-RxNamer/Pods-RxNamer-frameworks.sh\"\n";
			showEnvVarsInLog = 0;
		};
/* End PBXShellScriptBuildPhase section */

/* Begin PBXSourcesBuildPhase section */
		697B23B020C3646D0044A171 /* Sources */ = {
			isa = PBXSourcesBuildPhase;
			buildActionMask = 2147483647;
			files = (
				697B23CA20C373B40044A171 /* AddNameVC.swift in Sources */,
				697B23BA20C3646D0044A171 /* ViewController.swift in Sources */,
				697B23B820C3646D0044A171 /* AppDelegate.swift in Sources */,
			);
			runOnlyForDeploymentPostprocessing = 0;
		};
/* End PBXSourcesBuildPhase section */

/* Begin PBXVariantGroup section */
		697B23BB20C3646D0044A171 /* Main.storyboard */ = {
			isa = PBXVariantGroup;
			children = (
				697B23BC20C3646D0044A171 /* Base */,
			);
			name = Main.storyboard;
			sourceTree = "<group>";
		};
		697B23C020C3646F0044A171 /* LaunchScreen.storyboard */ = {
			isa = PBXVariantGroup;
			children = (
				697B23C120C3646F0044A171 /* Base */,
			);
			name = LaunchScreen.storyboard;
			sourceTree = "<group>";
		};
/* End PBXVariantGroup section */

/* Begin XCBuildConfiguration section */
		697B23C420C3646F0044A171 /* Debug */ = {
			isa = XCBuildConfiguration;
			buildSettings = {
				ALWAYS_SEARCH_USER_PATHS = NO;
				CLANG_ANALYZER_NONNULL = YES;
				CLANG_ANALYZER_NUMBER_OBJECT_CONVERSION = YES_AGGRESSIVE;
				CLANG_CXX_LANGUAGE_STANDARD = "gnu++14";
				CLANG_CXX_LIBRARY = "libc++";
				CLANG_ENABLE_MODULES = YES;
				CLANG_ENABLE_OBJC_ARC = YES;
				CLANG_ENABLE_OBJC_WEAK = YES;
				CLANG_WARN_BLOCK_CAPTURE_AUTORELEASING = YES;
				CLANG_WARN_BOOL_CONVERSION = YES;
				CLANG_WARN_COMMA = YES;
				CLANG_WARN_CONSTANT_CONVERSION = YES;
				CLANG_WARN_DEPRECATED_OBJC_IMPLEMENTATIONS = YES;
				CLANG_WARN_DIRECT_OBJC_ISA_USAGE = YES_ERROR;
				CLANG_WARN_DOCUMENTATION_COMMENTS = YES;
				CLANG_WARN_EMPTY_BODY = YES;
				CLANG_WARN_ENUM_CONVERSION = YES;
				CLANG_WARN_INFINITE_RECURSION = YES;
				CLANG_WARN_INT_CONVERSION = YES;
				CLANG_WARN_NON_LITERAL_NULL_CONVERSION = YES;
				CLANG_WARN_OBJC_IMPLICIT_RETAIN_SELF = YES;
				CLANG_WARN_OBJC_LITERAL_CONVERSION = YES;
				CLANG_WARN_OBJC_ROOT_CLASS = YES_ERROR;
				CLANG_WARN_RANGE_LOOP_ANALYSIS = YES;
				CLANG_WARN_STRICT_PROTOTYPES = YES;
				CLANG_WARN_SUSPICIOUS_MOVE = YES;
				CLANG_WARN_UNGUARDED_AVAILABILITY = YES_AGGRESSIVE;
				CLANG_WARN_UNREACHABLE_CODE = YES;
				CLANG_WARN__DUPLICATE_METHOD_MATCH = YES;
				CODE_SIGN_IDENTITY = "iPhone Developer";
				COPY_PHASE_STRIP = NO;
				DEBUG_INFORMATION_FORMAT = dwarf;
				ENABLE_STRICT_OBJC_MSGSEND = YES;
				ENABLE_TESTABILITY = YES;
				GCC_C_LANGUAGE_STANDARD = gnu11;
				GCC_DYNAMIC_NO_PIC = NO;
				GCC_NO_COMMON_BLOCKS = YES;
				GCC_OPTIMIZATION_LEVEL = 0;
				GCC_PREPROCESSOR_DEFINITIONS = (
					"DEBUG=1",
					"$(inherited)",
				);
				GCC_WARN_64_TO_32_BIT_CONVERSION = YES;
				GCC_WARN_ABOUT_RETURN_TYPE = YES_ERROR;
				GCC_WARN_UNDECLARED_SELECTOR = YES;
				GCC_WARN_UNINITIALIZED_AUTOS = YES_AGGRESSIVE;
				GCC_WARN_UNUSED_FUNCTION = YES;
				GCC_WARN_UNUSED_VARIABLE = YES;
				IPHONEOS_DEPLOYMENT_TARGET = 11.4;
				MTL_ENABLE_DEBUG_INFO = YES;
				ONLY_ACTIVE_ARCH = YES;
				SDKROOT = iphoneos;
				SWIFT_ACTIVE_COMPILATION_CONDITIONS = DEBUG;
				SWIFT_OPTIMIZATION_LEVEL = "-Onone";
			};
			name = Debug;
		};
		697B23C520C3646F0044A171 /* Release */ = {
			isa = XCBuildConfiguration;
			buildSettings = {
				ALWAYS_SEARCH_USER_PATHS = NO;
				CLANG_ANALYZER_NONNULL = YES;
				CLANG_ANALYZER_NUMBER_OBJECT_CONVERSION = YES_AGGRESSIVE;
				CLANG_CXX_LANGUAGE_STANDARD = "gnu++14";
				CLANG_CXX_LIBRARY = "libc++";
				CLANG_ENABLE_MODULES = YES;
				CLANG_ENABLE_OBJC_ARC = YES;
				CLANG_ENABLE_OBJC_WEAK = YES;
				CLANG_WARN_BLOCK_CAPTURE_AUTORELEASING = YES;
				CLANG_WARN_BOOL_CONVERSION = YES;
				CLANG_WARN_COMMA = YES;
				CLANG_WARN_CONSTANT_CONVERSION = YES;
				CLANG_WARN_DEPRECATED_OBJC_IMPLEMENTATIONS = YES;
				CLANG_WARN_DIRECT_OBJC_ISA_USAGE = YES_ERROR;
				CLANG_WARN_DOCUMENTATION_COMMENTS = YES;
				CLANG_WARN_EMPTY_BODY = YES;
				CLANG_WARN_ENUM_CONVERSION = YES;
				CLANG_WARN_INFINITE_RECURSION = YES;
				CLANG_WARN_INT_CONVERSION = YES;
				CLANG_WARN_NON_LITERAL_NULL_CONVERSION = YES;
				CLANG_WARN_OBJC_IMPLICIT_RETAIN_SELF = YES;
				CLANG_WARN_OBJC_LITERAL_CONVERSION = YES;
				CLANG_WARN_OBJC_ROOT_CLASS = YES_ERROR;
				CLANG_WARN_RANGE_LOOP_ANALYSIS = YES;
				CLANG_WARN_STRICT_PROTOTYPES = YES;
				CLANG_WARN_SUSPICIOUS_MOVE = YES;
				CLANG_WARN_UNGUARDED_AVAILABILITY = YES_AGGRESSIVE;
				CLANG_WARN_UNREACHABLE_CODE = YES;
				CLANG_WARN__DUPLICATE_METHOD_MATCH = YES;
				CODE_SIGN_IDENTITY = "iPhone Developer";
				COPY_PHASE_STRIP = NO;
				DEBUG_INFORMATION_FORMAT = "dwarf-with-dsym";
				ENABLE_NS_ASSERTIONS = NO;
				ENABLE_STRICT_OBJC_MSGSEND = YES;
				GCC_C_LANGUAGE_STANDARD = gnu11;
				GCC_NO_COMMON_BLOCKS = YES;
				GCC_WARN_64_TO_32_BIT_CONVERSION = YES;
				GCC_WARN_ABOUT_RETURN_TYPE = YES_ERROR;
				GCC_WARN_UNDECLARED_SELECTOR = YES;
				GCC_WARN_UNINITIALIZED_AUTOS = YES_AGGRESSIVE;
				GCC_WARN_UNUSED_FUNCTION = YES;
				GCC_WARN_UNUSED_VARIABLE = YES;
				IPHONEOS_DEPLOYMENT_TARGET = 11.4;
				MTL_ENABLE_DEBUG_INFO = NO;
				SDKROOT = iphoneos;
				SWIFT_COMPILATION_MODE = wholemodule;
				SWIFT_OPTIMIZATION_LEVEL = "-O";
				VALIDATE_PRODUCT = YES;
			};
			name = Release;
		};
		697B23C720C3646F0044A171 /* Debug */ = {
			isa = XCBuildConfiguration;
			baseConfigurationReference = A8E9BE826E9D566D5A2734EF /* Pods-RxNamer.debug.xcconfig */;
			buildSettings = {
				ASSETCATALOG_COMPILER_APPICON_NAME = AppIcon;
				CODE_SIGN_STYLE = Automatic;
				DEVELOPMENT_TEAM = H8C88KB3GQ;
				INFOPLIST_FILE = RxNamer/Info.plist;
				LD_RUNPATH_SEARCH_PATHS = (
					"$(inherited)",
					"@executable_path/Frameworks",
				);
				PRODUCT_BUNDLE_IDENTIFIER = Vartan.RxNamer;
				PRODUCT_NAME = "$(TARGET_NAME)";
				SWIFT_VERSION = 4.0;
				TARGETED_DEVICE_FAMILY = "1,2";
			};
			name = Debug;
		};
		697B23C820C3646F0044A171 /* Release */ = {
			isa = XCBuildConfiguration;
			baseConfigurationReference = 0433E34D3EF87DC8BDFFD3CA /* Pods-RxNamer.release.xcconfig */;
			buildSettings = {
				ASSETCATALOG_COMPILER_APPICON_NAME = AppIcon;
				CODE_SIGN_STYLE = Automatic;
				DEVELOPMENT_TEAM = H8C88KB3GQ;
				INFOPLIST_FILE = RxNamer/Info.plist;
				LD_RUNPATH_SEARCH_PATHS = (
					"$(inherited)",
					"@executable_path/Frameworks",
				);
				PRODUCT_BUNDLE_IDENTIFIER = Vartan.RxNamer;
				PRODUCT_NAME = "$(TARGET_NAME)";
				SWIFT_VERSION = 4.0;
				TARGETED_DEVICE_FAMILY = "1,2";
			};
			name = Release;
		};
/* End XCBuildConfiguration section */

/* Begin XCConfigurationList section */
		697B23AF20C3646D0044A171 /* Build configuration list for PBXProject "RxNamer" */ = {
			isa = XCConfigurationList;
			buildConfigurations = (
				697B23C420C3646F0044A171 /* Debug */,
				697B23C520C3646F0044A171 /* Release */,
			);
			defaultConfigurationIsVisible = 0;
			defaultConfigurationName = Release;
		};
		697B23C620C3646F0044A171 /* Build configuration list for PBXNativeTarget "RxNamer" */ = {
			isa = XCConfigurationList;
			buildConfigurations = (
				697B23C720C3646F0044A171 /* Debug */,
				697B23C820C3646F0044A171 /* Release */,
			);
			defaultConfigurationIsVisible = 0;
			defaultConfigurationName = Release;
		};
/* End XCConfigurationList section */
	};
	rootObject = 697B23AC20C3646D0044A171 /* Project object */;
}
